
Microsoft Visual Studio Solution File, Format Version 12.00
# Visual Studio Version 16
VisualStudioVersion = 16.0.31205.134
MinimumVisualStudioVersion = 10.0.40219.1
Project("{8BC9CEB8-8B4A-11D0-8D11-00A0C91BC942}") = "Kusrsach", "Kusrsach.vcxproj", "{072985CC-5C93-4EA5-B704-35747FB6FCFE}"
EndProject
Global
	GlobalSection(SolutionConfigurationPlatforms) = preSolution
		Debug|x64 = Debug|x64
		Debug|x86 = Debug|x86
		Release|x64 = Release|x64
		Release|x86 = Release|x86
	EndGlobalSection
	GlobalSection(ProjectConfigurationPlatforms) = postSolution
		{072985CC-5C93-4EA5-B704-35747FB6FCFE}.Debug|x64.ActiveCfg = Debug|x64
		{072985CC-5C93-4EA5-B704-35747FB6FCFE}.Debug|x64.Build.0 = Debug|x64
		{072985CC-5C93-4EA5-B704-35747FB6FCFE}.Debug|x86.ActiveCfg = Debug|Win32
		{072985CC-5C93-4EA5-B704-35747FB6FCFE}.Debug|x86.Build.0 = Debug|Win32
		{072985CC-5C93-4EA5-B704-35747FB6FCFE}.Release|x64.ActiveCfg = Release|x64
		{072985CC-5C93-4EA5-B704-35747FB6FCFE}.Release|x64.Build.0 = Release|x64
		{072985CC-5C93-4EA5-B704-35747FB6FCFE}.Release|x86.ActiveCfg = Release|Win32
		{072985CC-5C93-4EA5-B704-35747FB6FCFE}.Release|x86.Build.0 = Release|Win32
	EndGlobalSection
	GlobalSection(SolutionProperties) = preSolution
		HideSolutionNode = FALSE
	EndGlobalSection
	GlobalSection(ExtensibilityGlobals) = postSolution
		SolutionGuid = {D9569274-76DE-4196-B7BC-2C66F02CBA9A}
	EndGlobalSection
EndGlobal
